
Microsoft Visual Studio Solution File, Format Version 11.00
# Visual Studio 2010
Project("{FAE04EC0-301F-11D3-BF4B-00C04F79EFBC}") = "Assembly-CSharp", "Assembly-CSharp.csproj", "{2b3ed453-a685-1993-6238-ccf5cdd933a4}"
EndProject
Project("{FAE04EC0-301F-11D3-BF4B-00C04F79EFBC}") = "Assembly-CSharp-Editor", "Assembly-CSharp-Editor.csproj", "{9f0cd436-db4d-3236-7614-d65f767e9c01}"
EndProject
Global
	GlobalSection(SolutionConfigurationPlatforms) = preSolution
		Debug|Any CPU = Debug|Any CPU
	EndGlobalSection
	GlobalSection(ProjectConfigurationPlatforms) = postSolution
		{2b3ed453-a685-1993-6238-ccf5cdd933a4}.Debug|Any CPU.ActiveCfg = Debug|Any CPU
		{2b3ed453-a685-1993-6238-ccf5cdd933a4}.Debug|Any CPU.Build.0 = Debug|Any CPU
		{9f0cd436-db4d-3236-7614-d65f767e9c01}.Debug|Any CPU.ActiveCfg = Debug|Any CPU
		{9f0cd436-db4d-3236-7614-d65f767e9c01}.Debug|Any CPU.Build.0 = Debug|Any CPU
	EndGlobalSection
	GlobalSection(SolutionProperties) = preSolution
		HideSolutionNode = FALSE
	EndGlobalSection
EndGlobal
